// !$*UTF8*$!
{
	archiveVersion = 1;
	classes = {
	};
	objectVersion = 46;
	objects = {

/* Begin PBXBuildFile section */
		4C755E041EBB6AD0002C1224 /* AppDelegate.swift in Sources */ = {isa = PBXBuildFile; fileRef = 4C755E031EBB6AD0002C1224 /* AppDelegate.swift */; };
		4C755E061EBB6AD0002C1224 /* ViewController.swift in Sources */ = {isa = PBXBuildFile; fileRef = 4C755E051EBB6AD0002C1224 /* ViewController.swift */; };
		4C755E091EBB6AD0002C1224 /* Main.storyboard in Resources */ = {isa = PBXBuildFile; fileRef = 4C755E071EBB6AD0002C1224 /* Main.storyboard */; };
		4C755E0B1EBB6AD0002C1224 /* Assets.xcassets in Resources */ = {isa = PBXBuildFile; fileRef = 4C755E0A1EBB6AD0002C1224 /* Assets.xcassets */; };
		4C755E0E1EBB6AD0002C1224 /* LaunchScreen.storyboard in Resources */ = {isa = PBXBuildFile; fileRef = 4C755E0C1EBB6AD0002C1224 /* LaunchScreen.storyboard */; };
		4C755E191EBB6AD0002C1224 /* apiprojectTests.swift in Sources */ = {isa = PBXBuildFile; fileRef = 4C755E181EBB6AD0002C1224 /* apiprojectTests.swift */; };
		4C755E241EBB6BF0002C1224 /* ApiConnector.swift in Sources */ = {isa = PBXBuildFile; fileRef = 4C755E231EBB6BF0002C1224 /* ApiConnector.swift */; };
		4CA6C9931EC44E1000233A91 /* CustomStationView.swift in Sources */ = {isa = PBXBuildFile; fileRef = 4CA6C9921EC44E1000233A91 /* CustomStationView.swift */; };
		4CA6C9951EC44E2500233A91 /* CustomStationView.xib in Resources */ = {isa = PBXBuildFile; fileRef = 4CA6C9941EC44E2500233A91 /* CustomStationView.xib */; };
		4CA6C9971EC9A46200233A91 /* SettingsVC.swift in Sources */ = {isa = PBXBuildFile; fileRef = 4CA6C9961EC9A46200233A91 /* SettingsVC.swift */; };
		4CAA64A11EBD06E3001154F0 /* WeatherVC.swift in Sources */ = {isa = PBXBuildFile; fileRef = 4CAA64A01EBD06E3001154F0 /* WeatherVC.swift */; };
		4CBB875E1EBFC22500C3B5EC /* StationTableViewCell.swift in Sources */ = {isa = PBXBuildFile; fileRef = 4CBB875D1EBFC22500C3B5EC /* StationTableViewCell.swift */; };
		4CD93C761EC0D5E80086C223 /* StationAnnotation.swift in Sources */ = {isa = PBXBuildFile; fileRef = 4CD93C751EC0D5E70086C223 /* StationAnnotation.swift */; };
/* End PBXBuildFile section */

/* Begin PBXContainerItemProxy section */
		4C755E151EBB6AD0002C1224 /* PBXContainerItemProxy */ = {
			isa = PBXContainerItemProxy;
			containerPortal = 4C755DF81EBB6AD0002C1224 /* Project object */;
			proxyType = 1;
			remoteGlobalIDString = 4C755DFF1EBB6AD0002C1224;
			remoteInfo = apiproject;
		};
/* End PBXContainerItemProxy section */

/* Begin PBXFileReference section */
		4C755E001EBB6AD0002C1224 /* apiproject.app */ = {isa = PBXFileReference; explicitFileType = wrapper.application; includeInIndex = 0; path = apiproject.app; sourceTree = BUILT_PRODUCTS_DIR; };
		4C755E031EBB6AD0002C1224 /* AppDelegate.swift */ = {isa = PBXFileReference; lastKnownFileType = sourcecode.swift; path = AppDelegate.swift; sourceTree = "<group>"; };
		4C755E051EBB6AD0002C1224 /* ViewController.swift */ = {isa = PBXFileReference; lastKnownFileType = sourcecode.swift; path = ViewController.swift; sourceTree = "<group>"; };
		4C755E081EBB6AD0002C1224 /* Base */ = {isa = PBXFileReference; lastKnownFileType = file.storyboard; name = Base; path = Base.lproj/Main.storyboard; sourceTree = "<group>"; };
		4C755E0A1EBB6AD0002C1224 /* Assets.xcassets */ = {isa = PBXFileReference; lastKnownFileType = folder.assetcatalog; path = Assets.xcassets; sourceTree = "<group>"; };
		4C755E0D1EBB6AD0002C1224 /* Base */ = {isa = PBXFileReference; lastKnownFileType = file.storyboard; name = Base; path = Base.lproj/LaunchScreen.storyboard; sourceTree = "<group>"; };
		4C755E0F1EBB6AD0002C1224 /* Info.plist */ = {isa = PBXFileReference; lastKnownFileType = text.plist.xml; path = Info.plist; sourceTree = "<group>"; };
		4C755E141EBB6AD0002C1224 /* apiprojectTests.xctest */ = {isa = PBXFileReference; explicitFileType = wrapper.cfbundle; includeInIndex = 0; path = apiprojectTests.xctest; sourceTree = BUILT_PRODUCTS_DIR; };
		4C755E181EBB6AD0002C1224 /* apiprojectTests.swift */ = {isa = PBXFileReference; lastKnownFileType = sourcecode.swift; path = apiprojectTests.swift; sourceTree = "<group>"; };
		4C755E1A1EBB6AD0002C1224 /* Info.plist */ = {isa = PBXFileReference; lastKnownFileType = text.plist.xml; path = Info.plist; sourceTree = "<group>"; };
		4C755E231EBB6BF0002C1224 /* ApiConnector.swift */ = {isa = PBXFileReference; fileEncoding = 4; lastKnownFileType = sourcecode.swift; path = ApiConnector.swift; sourceTree = "<group>"; };
		4CA6C9921EC44E1000233A91 /* CustomStationView.swift */ = {isa = PBXFileReference; fileEncoding = 4; lastKnownFileType = sourcecode.swift; path = CustomStationView.swift; sourceTree = "<group>"; };
		4CA6C9941EC44E2500233A91 /* CustomStationView.xib */ = {isa = PBXFileReference; fileEncoding = 4; lastKnownFileType = file.xib; path = CustomStationView.xib; sourceTree = "<group>"; };
		4CA6C9961EC9A46200233A91 /* SettingsVC.swift */ = {isa = PBXFileReference; fileEncoding = 4; lastKnownFileType = sourcecode.swift; path = SettingsVC.swift; sourceTree = "<group>"; };
		4CAA64A01EBD06E3001154F0 /* WeatherVC.swift */ = {isa = PBXFileReference; fileEncoding = 4; lastKnownFileType = sourcecode.swift; path = WeatherVC.swift; sourceTree = "<group>"; };
		4CBB875D1EBFC22500C3B5EC /* StationTableViewCell.swift */ = {isa = PBXFileReference; fileEncoding = 4; lastKnownFileType = sourcecode.swift; path = StationTableViewCell.swift; sourceTree = "<group>"; };
		4CD93C751EC0D5E70086C223 /* StationAnnotation.swift */ = {isa = PBXFileReference; fileEncoding = 4; lastKnownFileType = sourcecode.swift; path = StationAnnotation.swift; sourceTree = "<group>"; };
/* End PBXFileReference section */

/* Begin PBXFrameworksBuildPhase section */
		4C755DFD1EBB6AD0002C1224 /* Frameworks */ = {
			isa = PBXFrameworksBuildPhase;
			buildActionMask = 2147483647;
			files = (
			);
			runOnlyForDeploymentPostprocessing = 0;
		};
		4C755E111EBB6AD0002C1224 /* Frameworks */ = {
			isa = PBXFrameworksBuildPhase;
			buildActionMask = 2147483647;
			files = (
			);
			runOnlyForDeploymentPostprocessing = 0;
		};
/* End PBXFrameworksBuildPhase section */

/* Begin PBXGroup section */
		4C755DF71EBB6AD0002C1224 = {
			isa = PBXGroup;
			children = (
				4C755E021EBB6AD0002C1224 /* apiproject */,
				4C755E171EBB6AD0002C1224 /* apiprojectTests */,
				4C755E011EBB6AD0002C1224 /* Products */,
			);
			sourceTree = "<group>";
		};
		4C755E011EBB6AD0002C1224 /* Products */ = {
			isa = PBXGroup;
			children = (
				4C755E001EBB6AD0002C1224 /* apiproject.app */,
				4C755E141EBB6AD0002C1224 /* apiprojectTests.xctest */,
			);
			name = Products;
			sourceTree = "<group>";
		};
		4C755E021EBB6AD0002C1224 /* apiproject */ = {
			isa = PBXGroup;
			children = (
				4CA6C9921EC44E1000233A91 /* CustomStationView.swift */,
				4CA6C9941EC44E2500233A91 /* CustomStationView.xib */,
				4C755E031EBB6AD0002C1224 /* AppDelegate.swift */,
				4C755E051EBB6AD0002C1224 /* ViewController.swift */,
				4CAA64A01EBD06E3001154F0 /* WeatherVC.swift */,
				4CA6C9961EC9A46200233A91 /* SettingsVC.swift */,
				4C755E231EBB6BF0002C1224 /* ApiConnector.swift */,
				4CBB875D1EBFC22500C3B5EC /* StationTableViewCell.swift */,
				4CD93C751EC0D5E70086C223 /* StationAnnotation.swift */,
				4C755E071EBB6AD0002C1224 /* Main.storyboard */,
				4C755E0A1EBB6AD0002C1224 /* Assets.xcassets */,
				4C755E0C1EBB6AD0002C1224 /* LaunchScreen.storyboard */,
				4C755E0F1EBB6AD0002C1224 /* Info.plist */,
			);
			path = apiproject;
			sourceTree = "<group>";
		};
		4C755E171EBB6AD0002C1224 /* apiprojectTests */ = {
			isa = PBXGroup;
			children = (
				4C755E181EBB6AD0002C1224 /* apiprojectTests.swift */,
				4C755E1A1EBB6AD0002C1224 /* Info.plist */,
			);
			path = apiprojectTests;
			sourceTree = "<group>";
		};
/* End PBXGroup section */

/* Begin PBXNativeTarget section */
		4C755DFF1EBB6AD0002C1224 /* apiproject */ = {
			isa = PBXNativeTarget;
			buildConfigurationList = 4C755E1D1EBB6AD0002C1224 /* Build configuration list for PBXNativeTarget "apiproject" */;
			buildPhases = (
				4C755DFC1EBB6AD0002C1224 /* Sources */,
				4C755DFD1EBB6AD0002C1224 /* Frameworks */,
				4C755DFE1EBB6AD0002C1224 /* Resources */,
			);
			buildRules = (
			);
			dependencies = (
			);
			name = apiproject;
			productName = apiproject;
			productReference = 4C755E001EBB6AD0002C1224 /* apiproject.app */;
			productType = "com.apple.product-type.application";
		};
		4C755E131EBB6AD0002C1224 /* apiprojectTests */ = {
			isa = PBXNativeTarget;
			buildConfigurationList = 4C755E201EBB6AD0002C1224 /* Build configuration list for PBXNativeTarget "apiprojectTests" */;
			buildPhases = (
				4C755E101EBB6AD0002C1224 /* Sources */,
				4C755E111EBB6AD0002C1224 /* Frameworks */,
				4C755E121EBB6AD0002C1224 /* Resources */,
			);
			buildRules = (
			);
			dependencies = (
				4C755E161EBB6AD0002C1224 /* PBXTargetDependency */,
			);
			name = apiprojectTests;
			productName = apiprojectTests;
			productReference = 4C755E141EBB6AD0002C1224 /* apiprojectTests.xctest */;
			productType = "com.apple.product-type.bundle.unit-test";
		};
/* End PBXNativeTarget section */

/* Begin PBXProject section */
		4C755DF81EBB6AD0002C1224 /* Project object */ = {
			isa = PBXProject;
			attributes = {
				LastSwiftUpdateCheck = 0830;
				LastUpgradeCheck = 0830;
				ORGANIZATIONNAME = "Johan Wejdenstolpe";
				TargetAttributes = {
					4C755DFF1EBB6AD0002C1224 = {
						CreatedOnToolsVersion = 8.3.2;
						DevelopmentTeam = T69772G8XN;
						ProvisioningStyle = Automatic;
					};
					4C755E131EBB6AD0002C1224 = {
						CreatedOnToolsVersion = 8.3.2;
						DevelopmentTeam = T69772G8XN;
						ProvisioningStyle = Automatic;
						TestTargetID = 4C755DFF1EBB6AD0002C1224;
					};
				};
			};
			buildConfigurationList = 4C755DFB1EBB6AD0002C1224 /* Build configuration list for PBXProject "apiproject" */;
			compatibilityVersion = "Xcode 3.2";
			developmentRegion = English;
			hasScannedForEncodings = 0;
			knownRegions = (
				en,
				Base,
			);
			mainGroup = 4C755DF71EBB6AD0002C1224;
			productRefGroup = 4C755E011EBB6AD0002C1224 /* Products */;
			projectDirPath = "";
			projectRoot = "";
			targets = (
				4C755DFF1EBB6AD0002C1224 /* apiproject */,
				4C755E131EBB6AD0002C1224 /* apiprojectTests */,
			);
		};
/* End PBXProject section */

/* Begin PBXResourcesBuildPhase section */
		4C755DFE1EBB6AD0002C1224 /* Resources */ = {
			isa = PBXResourcesBuildPhase;
			buildActionMask = 2147483647;
			files = (
				4C755E0E1EBB6AD0002C1224 /* LaunchScreen.storyboard in Resources */,
				4C755E0B1EBB6AD0002C1224 /* Assets.xcassets in Resources */,
				4CA6C9951EC44E2500233A91 /* CustomStationView.xib in Resources */,
				4C755E091EBB6AD0002C1224 /* Main.storyboard in Resources */,
			);
			runOnlyForDeploymentPostprocessing = 0;
		};
		4C755E121EBB6AD0002C1224 /* Resources */ = {
			isa = PBXResourcesBuildPhase;
			buildActionMask = 2147483647;
			files = (
			);
			runOnlyForDeploymentPostprocessing = 0;
		};
/* End PBXResourcesBuildPhase section */

/* Begin PBXSourcesBuildPhase section */
		4C755DFC1EBB6AD0002C1224 /* Sources */ = {
			isa = PBXSourcesBuildPhase;
			buildActionMask = 2147483647;
			files = (
				4C755E061EBB6AD0002C1224 /* ViewController.swift in Sources */,
				4CD93C761EC0D5E80086C223 /* StationAnnotation.swift in Sources */,
				4CA6C9931EC44E1000233A91 /* CustomStationView.swift in Sources */,
				4CBB875E1EBFC22500C3B5EC /* StationTableViewCell.swift in Sources */,
				4C755E241EBB6BF0002C1224 /* ApiConnector.swift in Sources */,
				4CA6C9971EC9A46200233A91 /* SettingsVC.swift in Sources */,
				4C755E041EBB6AD0002C1224 /* AppDelegate.swift in Sources */,
				4CAA64A11EBD06E3001154F0 /* WeatherVC.swift in Sources */,
			);
			runOnlyForDeploymentPostprocessing = 0;
		};
		4C755E101EBB6AD0002C1224 /* Sources */ = {
			isa = PBXSourcesBuildPhase;
			buildActionMask = 2147483647;
			files = (
				4C755E191EBB6AD0002C1224 /* apiprojectTests.swift in Sources */,
			);
			runOnlyForDeploymentPostprocessing = 0;
		};
/* End PBXSourcesBuildPhase section */

/* Begin PBXTargetDependency section */
		4C755E161EBB6AD0002C1224 /* PBXTargetDependency */ = {
			isa = PBXTargetDependency;
			target = 4C755DFF1EBB6AD0002C1224 /* apiproject */;
			targetProxy = 4C755E151EBB6AD0002C1224 /* PBXContainerItemProxy */;
		};
/* End PBXTargetDependency section */

/* Begin PBXVariantGroup section */
		4C755E071EBB6AD0002C1224 /* Main.storyboard */ = {
			isa = PBXVariantGroup;
			children = (
				4C755E081EBB6AD0002C1224 /* Base */,
			);
			name = Main.storyboard;
			sourceTree = "<group>";
		};
		4C755E0C1EBB6AD0002C1224 /* LaunchScreen.storyboard */ = {
			isa = PBXVariantGroup;
			children = (
				4C755E0D1EBB6AD0002C1224 /* Base */,
			);
			name = LaunchScreen.storyboard;
			sourceTree = "<group>";
		};
/* End PBXVariantGroup section */

/* Begin XCBuildConfiguration section */
		4C755E1B1EBB6AD0002C1224 /* Debug */ = {
			isa = XCBuildConfiguration;
			buildSettings = {
				ALWAYS_SEARCH_USER_PATHS = NO;
				CLANG_ANALYZER_NONNULL = YES;
				CLANG_ANALYZER_NUMBER_OBJECT_CONVERSION = YES_AGGRESSIVE;
				CLANG_CXX_LANGUAGE_STANDARD = "gnu++0x";
				CLANG_CXX_LIBRARY = "libc++";
				CLANG_ENABLE_MODULES = YES;
				CLANG_ENABLE_OBJC_ARC = YES;
				CLANG_WARN_BOOL_CONVERSION = YES;
				CLANG_WARN_CONSTANT_CONVERSION = YES;
				CLANG_WARN_DIRECT_OBJC_ISA_USAGE = YES_ERROR;
				CLANG_WARN_DOCUMENTATION_COMMENTS = YES;
				CLANG_WARN_EMPTY_BODY = YES;
				CLANG_WARN_ENUM_CONVERSION = YES;
				CLANG_WARN_INFINITE_RECURSION = YES;
				CLANG_WARN_INT_CONVERSION = YES;
				CLANG_WARN_OBJC_ROOT_CLASS = YES_ERROR;
				CLANG_WARN_SUSPICIOUS_MOVE = YES;
				CLANG_WARN_UNREACHABLE_CODE = YES;
				CLANG_WARN__DUPLICATE_METHOD_MATCH = YES;
				"CODE_SIGN_IDENTITY[sdk=iphoneos*]" = "iPhone Developer";
				COPY_PHASE_STRIP = NO;
				DEBUG_INFORMATION_FORMAT = dwarf;
				ENABLE_STRICT_OBJC_MSGSEND = YES;
				ENABLE_TESTABILITY = YES;
				GCC_C_LANGUAGE_STANDARD = gnu99;
				GCC_DYNAMIC_NO_PIC = NO;
				GCC_NO_COMMON_BLOCKS = YES;
				GCC_OPTIMIZATION_LEVEL = 0;
				GCC_PREPROCESSOR_DEFINITIONS = (
					"DEBUG=1",
					"$(inherited)",
				);
				GCC_WARN_64_TO_32_BIT_CONVERSION = YES;
				GCC_WARN_ABOUT_RETURN_TYPE = YES_ERROR;
				GCC_WARN_UNDECLARED_SELECTOR = YES;
				GCC_WARN_UNINITIALIZED_AUTOS = YES_AGGRESSIVE;
				GCC_WARN_UNUSED_FUNCTION = YES;
				GCC_WARN_UNUSED_VARIABLE = YES;
				IPHONEOS_DEPLOYMENT_TARGET = 10.3;
				MTL_ENABLE_DEBUG_INFO = YES;
				ONLY_ACTIVE_ARCH = YES;
				SDKROOT = iphoneos;
				SWIFT_ACTIVE_COMPILATION_CONDITIONS = DEBUG;
				SWIFT_OPTIMIZATION_LEVEL = "-Onone";
				TARGETED_DEVICE_FAMILY = "1,2";
			};
			name = Debug;
		};
		4C755E1C1EBB6AD0002C1224 /* Release */ = {
			isa = XCBuildConfiguration;
			buildSettings = {
				ALWAYS_SEARCH_USER_PATHS = NO;
				CLANG_ANALYZER_NONNULL = YES;
				CLANG_ANALYZER_NUMBER_OBJECT_CONVERSION = YES_AGGRESSIVE;
				CLANG_CXX_LANGUAGE_STANDARD = "gnu++0x";
				CLANG_CXX_LIBRARY = "libc++";
				CLANG_ENABLE_MODULES = YES;
				CLANG_ENABLE_OBJC_ARC = YES;
				CLANG_WARN_BOOL_CONVERSION = YES;
				CLANG_WARN_CONSTANT_CONVERSION = YES;
				CLANG_WARN_DIRECT_OBJC_ISA_USAGE = YES_ERROR;
				CLANG_WARN_DOCUMENTATION_COMMENTS = YES;
				CLANG_WARN_EMPTY_BODY = YES;
				CLANG_WARN_ENUM_CONVERSION = YES;
				CLANG_WARN_INFINITE_RECURSION = YES;
				CLANG_WARN_INT_CONVERSION = YES;
				CLANG_WARN_OBJC_ROOT_CLASS = YES_ERROR;
				CLANG_WARN_SUSPICIOUS_MOVE = YES;
				CLANG_WARN_UNREACHABLE_CODE = YES;
				CLANG_WARN__DUPLICATE_METHOD_MATCH = YES;
				"CODE_SIGN_IDENTITY[sdk=iphoneos*]" = "iPhone Developer";
				COPY_PHASE_STRIP = NO;
				DEBUG_INFORMATION_FORMAT = "dwarf-with-dsym";
				ENABLE_NS_ASSERTIONS = NO;
				ENABLE_STRICT_OBJC_MSGSEND = YES;
				GCC_C_LANGUAGE_STANDARD = gnu99;
				GCC_NO_COMMON_BLOCKS = YES;
				GCC_WARN_64_TO_32_BIT_CONVERSION = YES;
				GCC_WARN_ABOUT_RETURN_TYPE = YES_ERROR;
				GCC_WARN_UNDECLARED_SELECTOR = YES;
				GCC_WARN_UNINITIALIZED_AUTOS = YES_AGGRESSIVE;
				GCC_WARN_UNUSED_FUNCTION = YES;
				GCC_WARN_UNUSED_VARIABLE = YES;
				IPHONEOS_DEPLOYMENT_TARGET = 10.3;
				MTL_ENABLE_DEBUG_INFO = NO;
				SDKROOT = iphoneos;
				SWIFT_OPTIMIZATION_LEVEL = "-Owholemodule";
				TARGETED_DEVICE_FAMILY = "1,2";
				VALIDATE_PRODUCT = YES;
			};
			name = Release;
		};
		4C755E1E1EBB6AD0002C1224 /* Debug */ = {
			isa = XCBuildConfiguration;
			buildSettings = {
				ASSETCATALOG_COMPILER_APPICON_NAME = AppIcon;
				DEVELOPMENT_TEAM = T69772G8XN;
				INFOPLIST_FILE = apiproject/Info.plist;
				LD_RUNPATH_SEARCH_PATHS = "$(inherited) @executable_path/Frameworks";
				PRODUCT_BUNDLE_IDENTIFIER = com.atwebpages.wejdenma16.apiproject;
				PRODUCT_NAME = "$(TARGET_NAME)";
				SWIFT_VERSION = 3.0;
			};
			name = Debug;
		};
		4C755E1F1EBB6AD0002C1224 /* Release */ = {
			isa = XCBuildConfiguration;
			buildSettings = {
				ASSETCATALOG_COMPILER_APPICON_NAME = AppIcon;
				DEVELOPMENT_TEAM = T69772G8XN;
				INFOPLIST_FILE = apiproject/Info.plist;
				LD_RUNPATH_SEARCH_PATHS = "$(inherited) @executable_path/Frameworks";
				PRODUCT_BUNDLE_IDENTIFIER = com.atwebpages.wejdenma16.apiproject;
				PRODUCT_NAME = "$(TARGET_NAME)";
				SWIFT_VERSION = 3.0;
			};
			name = Release;
		};
		4C755E211EBB6AD0002C1224 /* Debug */ = {
			isa = XCBuildConfiguration;
			buildSettings = {
				ALWAYS_EMBED_SWIFT_STANDARD_LIBRARIES = YES;
				BUNDLE_LOADER = "$(TEST_HOST)";
				DEVELOPMENT_TEAM = T69772G8XN;
				INFOPLIST_FILE = apiprojectTests/Info.plist;
				LD_RUNPATH_SEARCH_PATHS = "$(inherited) @executable_path/Frameworks @loader_path/Frameworks";
				PRODUCT_BUNDLE_IDENTIFIER = com.atwebpages.wejdenma16.apiprojectTests;
				PRODUCT_NAME = "$(TARGET_NAME)";
				SWIFT_VERSION = 3.0;
				TEST_HOST = "$(BUILT_PRODUCTS_DIR)/apiproject.app/apiproject";
			};
			name = Debug;
		};
		4C755E221EBB6AD0002C1224 /* Release */ = {
			isa = XCBuildConfiguration;
			buildSettings = {
				ALWAYS_EMBED_SWIFT_STANDARD_LIBRARIES = YES;
				BUNDLE_LOADER = "$(TEST_HOST)";
				DEVELOPMENT_TEAM = T69772G8XN;
				INFOPLIST_FILE = apiprojectTests/Info.plist;
				LD_RUNPATH_SEARCH_PATHS = "$(inherited) @executable_path/Frameworks @loader_path/Frameworks";
				PRODUCT_BUNDLE_IDENTIFIER = com.atwebpages.wejdenma16.apiprojectTests;
				PRODUCT_NAME = "$(TARGET_NAME)";
				SWIFT_VERSION = 3.0;
				TEST_HOST = "$(BUILT_PRODUCTS_DIR)/apiproject.app/apiproject";
			};
			name = Release;
		};
/* End XCBuildConfiguration section */

/* Begin XCConfigurationList section */
		4C755DFB1EBB6AD0002C1224 /* Build configuration list for PBXProject "apiproject" */ = {
			isa = XCConfigurationList;
			buildConfigurations = (
				4C755E1B1EBB6AD0002C1224 /* Debug */,
				4C755E1C1EBB6AD0002C1224 /* Release */,
			);
			defaultConfigurationIsVisible = 0;
			defaultConfigurationName = Release;
		};
		4C755E1D1EBB6AD0002C1224 /* Build configuration list for PBXNativeTarget "apiproject" */ = {
			isa = XCConfigurationList;
			buildConfigurations = (
				4C755E1E1EBB6AD0002C1224 /* Debug */,
				4C755E1F1EBB6AD0002C1224 /* Release */,
			);
			defaultConfigurationIsVisible = 0;
			defaultConfigurationName = Release;
		};
		4C755E201EBB6AD0002C1224 /* Build configuration list for PBXNativeTarget "apiprojectTests" */ = {
			isa = XCConfigurationList;
			buildConfigurations = (
				4C755E211EBB6AD0002C1224 /* Debug */,
				4C755E221EBB6AD0002C1224 /* Release */,
			);
			defaultConfigurationIsVisible = 0;
			defaultConfigurationName = Release;
		};
/* End XCConfigurationList section */
	};
	rootObject = 4C755DF81EBB6AD0002C1224 /* Project object */;
}
